<Solution>
  <Configurations>
    <Platform Name="Any CPU" />
    <Platform Name="x64" />
    <Platform Name="x86" />
  </Configurations>
  <Project Path="Brainy.Application/Brainy.Application.csproj" />
  <Project Path="Brainy.Domain.Tests/Brainy.Domain.Tests.csproj" />
  <Project Path="Brainy.Domain/Brainy.Domain.csproj" />
  <Project Path="Brainy.Infrastructure.Tests/Brainy.Infrastructure.Tests.csproj" />
  <Project Path="Brainy.Infrastructure/Brainy.Infrastructure.csproj" />
  <Project Path="Brainy.TestUtils/Brainy.TestUtils.csproj" />
  <Project Path="Brainy.WebApi.IntegrationTests/Brainy.WebApi.IntegrationTests.csproj" />
  <Project Path="Brainy.WebApi.Tests/Brainy.WebApi.Tests.csproj" />
  <Project Path="Brainy.WebApi/Brainy.WebApi.csproj" />
</Solution>
